// !$*UTF8*$!
{
	archiveVersion = 1;
	classes = {
	};
	objectVersion = 56;
	objects = {

/* Begin PBXBuildFile section */
		BD4FA1AD2C008F2E00DAD2AB /* BreweryAPIApp.swift in Sources */ = {isa = PBXBuildFile; fileRef = BD4FA1AC2C008F2E00DAD2AB /* BreweryAPIApp.swift */; };
		BD4FA1AF2C008F2E00DAD2AB /* ContentView.swift in Sources */ = {isa = PBXBuildFile; fileRef = BD4FA1AE2C008F2E00DAD2AB /* ContentView.swift */; };
		BD4FA1B12C008F3000DAD2AB /* Assets.xcassets in Resources */ = {isa = PBXBuildFile; fileRef = BD4FA1B02C008F3000DAD2AB /* Assets.xcassets */; };
		BD4FA1B42C008F3000DAD2AB /* Preview Assets.xcassets in Resources */ = {isa = PBXBuildFile; fileRef = BD4FA1B32C008F3000DAD2AB /* Preview Assets.xcassets */; };
		BD4FA1BE2C008F3100DAD2AB /* BreweryAPITests.swift in Sources */ = {isa = PBXBuildFile; fileRef = BD4FA1BD2C008F3100DAD2AB /* BreweryAPITests.swift */; };
		BD4FA1C82C008F3100DAD2AB /* BreweryAPIUITests.swift in Sources */ = {isa = PBXBuildFile; fileRef = BD4FA1C72C008F3100DAD2AB /* BreweryAPIUITests.swift */; };
		BD4FA1CA2C008F3100DAD2AB /* BreweryAPIUITestsLaunchTests.swift in Sources */ = {isa = PBXBuildFile; fileRef = BD4FA1C92C008F3100DAD2AB /* BreweryAPIUITestsLaunchTests.swift */; };
/* End PBXBuildFile section */

/* Begin PBXContainerItemProxy section */
		BD4FA1BA2C008F3100DAD2AB /* PBXContainerItemProxy */ = {
			isa = PBXContainerItemProxy;
			containerPortal = BD4FA1A12C008F2E00DAD2AB /* Project object */;
			proxyType = 1;
			remoteGlobalIDString = BD4FA1A82C008F2E00DAD2AB;
			remoteInfo = BreweryAPI;
		};
		BD4FA1C42C008F3100DAD2AB /* PBXContainerItemProxy */ = {
			isa = PBXContainerItemProxy;
			containerPortal = BD4FA1A12C008F2E00DAD2AB /* Project object */;
			proxyType = 1;
			remoteGlobalIDString = BD4FA1A82C008F2E00DAD2AB;
			remoteInfo = BreweryAPI;
		};
/* End PBXContainerItemProxy section */

/* Begin PBXFileReference section */
		BD4FA1A92C008F2E00DAD2AB /* BreweryAPI.app */ = {isa = PBXFileReference; explicitFileType = wrapper.application; includeInIndex = 0; path = BreweryAPI.app; sourceTree = BUILT_PRODUCTS_DIR; };
		BD4FA1AC2C008F2E00DAD2AB /* BreweryAPIApp.swift */ = {isa = PBXFileReference; lastKnownFileType = sourcecode.swift; path = BreweryAPIApp.swift; sourceTree = "<group>"; };
		BD4FA1AE2C008F2E00DAD2AB /* ContentView.swift */ = {isa = PBXFileReference; lastKnownFileType = sourcecode.swift; path = ContentView.swift; sourceTree = "<group>"; };
		BD4FA1B02C008F3000DAD2AB /* Assets.xcassets */ = {isa = PBXFileReference; lastKnownFileType = folder.assetcatalog; path = Assets.xcassets; sourceTree = "<group>"; };
		BD4FA1B32C008F3000DAD2AB /* Preview Assets.xcassets */ = {isa = PBXFileReference; lastKnownFileType = folder.assetcatalog; path = "Preview Assets.xcassets"; sourceTree = "<group>"; };
		BD4FA1B92C008F3100DAD2AB /* BreweryAPITests.xctest */ = {isa = PBXFileReference; explicitFileType = wrapper.cfbundle; includeInIndex = 0; path = BreweryAPITests.xctest; sourceTree = BUILT_PRODUCTS_DIR; };
		BD4FA1BD2C008F3100DAD2AB /* BreweryAPITests.swift */ = {isa = PBXFileReference; lastKnownFileType = sourcecode.swift; path = BreweryAPITests.swift; sourceTree = "<group>"; };
		BD4FA1C32C008F3100DAD2AB /* BreweryAPIUITests.xctest */ = {isa = PBXFileReference; explicitFileType = wrapper.cfbundle; includeInIndex = 0; path = BreweryAPIUITests.xctest; sourceTree = BUILT_PRODUCTS_DIR; };
		BD4FA1C72C008F3100DAD2AB /* BreweryAPIUITests.swift */ = {isa = PBXFileReference; lastKnownFileType = sourcecode.swift; path = BreweryAPIUITests.swift; sourceTree = "<group>"; };
		BD4FA1C92C008F3100DAD2AB /* BreweryAPIUITestsLaunchTests.swift */ = {isa = PBXFileReference; lastKnownFileType = sourcecode.swift; path = BreweryAPIUITestsLaunchTests.swift; sourceTree = "<group>"; };
/* End PBXFileReference section */

/* Begin PBXFrameworksBuildPhase section */
		BD4FA1A62C008F2E00DAD2AB /* Frameworks */ = {
			isa = PBXFrameworksBuildPhase;
			buildActionMask = 2147483647;
			files = (
			);
			runOnlyForDeploymentPostprocessing = 0;
		};
		BD4FA1B62C008F3100DAD2AB /* Frameworks */ = {
			isa = PBXFrameworksBuildPhase;
			buildActionMask = 2147483647;
			files = (
			);
			runOnlyForDeploymentPostprocessing = 0;
		};
		BD4FA1C02C008F3100DAD2AB /* Frameworks */ = {
			isa = PBXFrameworksBuildPhase;
			buildActionMask = 2147483647;
			files = (
			);
			runOnlyForDeploymentPostprocessing = 0;
		};
/* End PBXFrameworksBuildPhase section */

/* Begin PBXGroup section */
		BD4FA1A02C008F2E00DAD2AB = {
			isa = PBXGroup;
			children = (
				BD4FA1AB2C008F2E00DAD2AB /* BreweryAPI */,
				BD4FA1BC2C008F3100DAD2AB /* BreweryAPITests */,
				BD4FA1C62C008F3100DAD2AB /* BreweryAPIUITests */,
				BD4FA1AA2C008F2E00DAD2AB /* Products */,
			);
			sourceTree = "<group>";
		};
		BD4FA1AA2C008F2E00DAD2AB /* Products */ = {
			isa = PBXGroup;
			children = (
				BD4FA1A92C008F2E00DAD2AB /* BreweryAPI.app */,
				BD4FA1B92C008F3100DAD2AB /* BreweryAPITests.xctest */,
				BD4FA1C32C008F3100DAD2AB /* BreweryAPIUITests.xctest */,
			);
			name = Products;
			sourceTree = "<group>";
		};
		BD4FA1AB2C008F2E00DAD2AB /* BreweryAPI */ = {
			isa = PBXGroup;
			children = (
				BD4FA1AC2C008F2E00DAD2AB /* BreweryAPIApp.swift */,
				BD4FA1AE2C008F2E00DAD2AB /* ContentView.swift */,
				BD4FA1B02C008F3000DAD2AB /* Assets.xcassets */,
				BD4FA1B22C008F3000DAD2AB /* Preview Content */,
			);
			path = BreweryAPI;
			sourceTree = "<group>";
		};
		BD4FA1B22C008F3000DAD2AB /* Preview Content */ = {
			isa = PBXGroup;
			children = (
				BD4FA1B32C008F3000DAD2AB /* Preview Assets.xcassets */,
			);
			path = "Preview Content";
			sourceTree = "<group>";
		};
		BD4FA1BC2C008F3100DAD2AB /* BreweryAPITests */ = {
			isa = PBXGroup;
			children = (
				BD4FA1BD2C008F3100DAD2AB /* BreweryAPITests.swift */,
			);
			path = BreweryAPITests;
			sourceTree = "<group>";
		};
		BD4FA1C62C008F3100DAD2AB /* BreweryAPIUITests */ = {
			isa = PBXGroup;
			children = (
				BD4FA1C72C008F3100DAD2AB /* BreweryAPIUITests.swift */,
				BD4FA1C92C008F3100DAD2AB /* BreweryAPIUITestsLaunchTests.swift */,
			);
			path = BreweryAPIUITests;
			sourceTree = "<group>";
		};
/* End PBXGroup section */

/* Begin PBXNativeTarget section */
		BD4FA1A82C008F2E00DAD2AB /* BreweryAPI */ = {
			isa = PBXNativeTarget;
			buildConfigurationList = BD4FA1CD2C008F3100DAD2AB /* Build configuration list for PBXNativeTarget "BreweryAPI" */;
			buildPhases = (
				BD4FA1A52C008F2E00DAD2AB /* Sources */,
				BD4FA1A62C008F2E00DAD2AB /* Frameworks */,
				BD4FA1A72C008F2E00DAD2AB /* Resources */,
			);
			buildRules = (
			);
			dependencies = (
			);
			name = BreweryAPI;
			productName = BreweryAPI;
			productReference = BD4FA1A92C008F2E00DAD2AB /* BreweryAPI.app */;
			productType = "com.apple.product-type.application";
		};
		BD4FA1B82C008F3100DAD2AB /* BreweryAPITests */ = {
			isa = PBXNativeTarget;
			buildConfigurationList = BD4FA1D02C008F3100DAD2AB /* Build configuration list for PBXNativeTarget "BreweryAPITests" */;
			buildPhases = (
				BD4FA1B52C008F3100DAD2AB /* Sources */,
				BD4FA1B62C008F3100DAD2AB /* Frameworks */,
				BD4FA1B72C008F3100DAD2AB /* Resources */,
			);
			buildRules = (
			);
			dependencies = (
				BD4FA1BB2C008F3100DAD2AB /* PBXTargetDependency */,
			);
			name = BreweryAPITests;
			productName = BreweryAPITests;
			productReference = BD4FA1B92C008F3100DAD2AB /* BreweryAPITests.xctest */;
			productType = "com.apple.product-type.bundle.unit-test";
		};
		BD4FA1C22C008F3100DAD2AB /* BreweryAPIUITests */ = {
			isa = PBXNativeTarget;
			buildConfigurationList = BD4FA1D32C008F3100DAD2AB /* Build configuration list for PBXNativeTarget "BreweryAPIUITests" */;
			buildPhases = (
				BD4FA1BF2C008F3100DAD2AB /* Sources */,
				BD4FA1C02C008F3100DAD2AB /* Frameworks */,
				BD4FA1C12C008F3100DAD2AB /* Resources */,
			);
			buildRules = (
			);
			dependencies = (
				BD4FA1C52C008F3100DAD2AB /* PBXTargetDependency */,
			);
			name = BreweryAPIUITests;
			productName = BreweryAPIUITests;
			productReference = BD4FA1C32C008F3100DAD2AB /* BreweryAPIUITests.xctest */;
			productType = "com.apple.product-type.bundle.ui-testing";
		};
/* End PBXNativeTarget section */

/* Begin PBXProject section */
		BD4FA1A12C008F2E00DAD2AB /* Project object */ = {
			isa = PBXProject;
			attributes = {
				BuildIndependentTargetsInParallel = 1;
				LastSwiftUpdateCheck = 1520;
				LastUpgradeCheck = 1520;
				TargetAttributes = {
					BD4FA1A82C008F2E00DAD2AB = {
						CreatedOnToolsVersion = 15.2;
					};
					BD4FA1B82C008F3100DAD2AB = {
						CreatedOnToolsVersion = 15.2;
						TestTargetID = BD4FA1A82C008F2E00DAD2AB;
					};
					BD4FA1C22C008F3100DAD2AB = {
						CreatedOnToolsVersion = 15.2;
						TestTargetID = BD4FA1A82C008F2E00DAD2AB;
					};
				};
			};
			buildConfigurationList = BD4FA1A42C008F2E00DAD2AB /* Build configuration list for PBXProject "BreweryAPI" */;
			compatibilityVersion = "Xcode 14.0";
			developmentRegion = en;
			hasScannedForEncodings = 0;
			knownRegions = (
				en,
				Base,
			);
			mainGroup = BD4FA1A02C008F2E00DAD2AB;
			productRefGroup = BD4FA1AA2C008F2E00DAD2AB /* Products */;
			projectDirPath = "";
			projectRoot = "";
			targets = (
				BD4FA1A82C008F2E00DAD2AB /* BreweryAPI */,
				BD4FA1B82C008F3100DAD2AB /* BreweryAPITests */,
				BD4FA1C22C008F3100DAD2AB /* BreweryAPIUITests */,
			);
		};
/* End PBXProject section */

/* Begin PBXResourcesBuildPhase section */
		BD4FA1A72C008F2E00DAD2AB /* Resources */ = {
			isa = PBXResourcesBuildPhase;
			buildActionMask = 2147483647;
			files = (
				BD4FA1B42C008F3000DAD2AB /* Preview Assets.xcassets in Resources */,
				BD4FA1B12C008F3000DAD2AB /* Assets.xcassets in Resources */,
			);
			runOnlyForDeploymentPostprocessing = 0;
		};
		BD4FA1B72C008F3100DAD2AB /* Resources */ = {
			isa = PBXResourcesBuildPhase;
			buildActionMask = 2147483647;
			files = (
			);
			runOnlyForDeploymentPostprocessing = 0;
		};
		BD4FA1C12C008F3100DAD2AB /* Resources */ = {
			isa = PBXResourcesBuildPhase;
			buildActionMask = 2147483647;
			files = (
			);
			runOnlyForDeploymentPostprocessing = 0;
		};
/* End PBXResourcesBuildPhase section */

/* Begin PBXSourcesBuildPhase section */
		BD4FA1A52C008F2E00DAD2AB /* Sources */ = {
			isa = PBXSourcesBuildPhase;
			buildActionMask = 2147483647;
			files = (
				BD4FA1AF2C008F2E00DAD2AB /* ContentView.swift in Sources */,
				BD4FA1AD2C008F2E00DAD2AB /* BreweryAPIApp.swift in Sources */,
			);
			runOnlyForDeploymentPostprocessing = 0;
		};
		BD4FA1B52C008F3100DAD2AB /* Sources */ = {
			isa = PBXSourcesBuildPhase;
			buildActionMask = 2147483647;
			files = (
				BD4FA1BE2C008F3100DAD2AB /* BreweryAPITests.swift in Sources */,
			);
			runOnlyForDeploymentPostprocessing = 0;
		};
		BD4FA1BF2C008F3100DAD2AB /* Sources */ = {
			isa = PBXSourcesBuildPhase;
			buildActionMask = 2147483647;
			files = (
				BD4FA1CA2C008F3100DAD2AB /* BreweryAPIUITestsLaunchTests.swift in Sources */,
				BD4FA1C82C008F3100DAD2AB /* BreweryAPIUITests.swift in Sources */,
			);
			runOnlyForDeploymentPostprocessing = 0;
		};
/* End PBXSourcesBuildPhase section */

/* Begin PBXTargetDependency section */
		BD4FA1BB2C008F3100DAD2AB /* PBXTargetDependency */ = {
			isa = PBXTargetDependency;
			target = BD4FA1A82C008F2E00DAD2AB /* BreweryAPI */;
			targetProxy = BD4FA1BA2C008F3100DAD2AB /* PBXContainerItemProxy */;
		};
		BD4FA1C52C008F3100DAD2AB /* PBXTargetDependency */ = {
			isa = PBXTargetDependency;
			target = BD4FA1A82C008F2E00DAD2AB /* BreweryAPI */;
			targetProxy = BD4FA1C42C008F3100DAD2AB /* PBXContainerItemProxy */;
		};
/* End PBXTargetDependency section */

/* Begin XCBuildConfiguration section */
		BD4FA1CB2C008F3100DAD2AB /* Debug */ = {
			isa = XCBuildConfiguration;
			buildSettings = {
				ALWAYS_SEARCH_USER_PATHS = NO;
				ASSETCATALOG_COMPILER_GENERATE_SWIFT_ASSET_SYMBOL_EXTENSIONS = YES;
				CLANG_ANALYZER_NONNULL = YES;
				CLANG_ANALYZER_NUMBER_OBJECT_CONVERSION = YES_AGGRESSIVE;
				CLANG_CXX_LANGUAGE_STANDARD = "gnu++20";
				CLANG_ENABLE_MODULES = YES;
				CLANG_ENABLE_OBJC_ARC = YES;
				CLANG_ENABLE_OBJC_WEAK = YES;
				CLANG_WARN_BLOCK_CAPTURE_AUTORELEASING = YES;
				CLANG_WARN_BOOL_CONVERSION = YES;
				CLANG_WARN_COMMA = YES;
				CLANG_WARN_CONSTANT_CONVERSION = YES;
				CLANG_WARN_DEPRECATED_OBJC_IMPLEMENTATIONS = YES;
				CLANG_WARN_DIRECT_OBJC_ISA_USAGE = YES_ERROR;
				CLANG_WARN_DOCUMENTATION_COMMENTS = YES;
				CLANG_WARN_EMPTY_BODY = YES;
				CLANG_WARN_ENUM_CONVERSION = YES;
				CLANG_WARN_INFINITE_RECURSION = YES;
				CLANG_WARN_INT_CONVERSION = YES;
				CLANG_WARN_NON_LITERAL_NULL_CONVERSION = YES;
				CLANG_WARN_OBJC_IMPLICIT_RETAIN_SELF = YES;
				CLANG_WARN_OBJC_LITERAL_CONVERSION = YES;
				CLANG_WARN_OBJC_ROOT_CLASS = YES_ERROR;
				CLANG_WARN_QUOTED_INCLUDE_IN_FRAMEWORK_HEADER = YES;
				CLANG_WARN_RANGE_LOOP_ANALYSIS = YES;
				CLANG_WARN_STRICT_PROTOTYPES = YES;
				CLANG_WARN_SUSPICIOUS_MOVE = YES;
				CLANG_WARN_UNGUARDED_AVAILABILITY = YES_AGGRESSIVE;
				CLANG_WARN_UNREACHABLE_CODE = YES;
				CLANG_WARN__DUPLICATE_METHOD_MATCH = YES;
				COPY_PHASE_STRIP = NO;
				DEBUG_INFORMATION_FORMAT = dwarf;
				ENABLE_STRICT_OBJC_MSGSEND = YES;
				ENABLE_TESTABILITY = YES;
				ENABLE_USER_SCRIPT_SANDBOXING = YES;
				GCC_C_LANGUAGE_STANDARD = gnu17;
				GCC_DYNAMIC_NO_PIC = NO;
				GCC_NO_COMMON_BLOCKS = YES;
				GCC_OPTIMIZATION_LEVEL = 0;
				GCC_PREPROCESSOR_DEFINITIONS = (
					"DEBUG=1",
					"$(inherited)",
				);
				GCC_WARN_64_TO_32_BIT_CONVERSION = YES;
				GCC_WARN_ABOUT_RETURN_TYPE = YES_ERROR;
				GCC_WARN_UNDECLARED_SELECTOR = YES;
				GCC_WARN_UNINITIALIZED_AUTOS = YES_AGGRESSIVE;
				GCC_WARN_UNUSED_FUNCTION = YES;
				GCC_WARN_UNUSED_VARIABLE = YES;
				IPHONEOS_DEPLOYMENT_TARGET = 17.2;
				LOCALIZATION_PREFERS_STRING_CATALOGS = YES;
				MTL_ENABLE_DEBUG_INFO = INCLUDE_SOURCE;
				MTL_FAST_MATH = YES;
				ONLY_ACTIVE_ARCH = YES;
				SDKROOT = iphoneos;
				SWIFT_ACTIVE_COMPILATION_CONDITIONS = "DEBUG $(inherited)";
				SWIFT_OPTIMIZATION_LEVEL = "-Onone";
			};
			name = Debug;
		};
		BD4FA1CC2C008F3100DAD2AB /* Release */ = {
			isa = XCBuildConfiguration;
			buildSettings = {
				ALWAYS_SEARCH_USER_PATHS = NO;
				ASSETCATALOG_COMPILER_GENERATE_SWIFT_ASSET_SYMBOL_EXTENSIONS = YES;
				CLANG_ANALYZER_NONNULL = YES;
				CLANG_ANALYZER_NUMBER_OBJECT_CONVERSION = YES_AGGRESSIVE;
				CLANG_CXX_LANGUAGE_STANDARD = "gnu++20";
				CLANG_ENABLE_MODULES = YES;
				CLANG_ENABLE_OBJC_ARC = YES;
				CLANG_ENABLE_OBJC_WEAK = YES;
				CLANG_WARN_BLOCK_CAPTURE_AUTORELEASING = YES;
				CLANG_WARN_BOOL_CONVERSION = YES;
				CLANG_WARN_COMMA = YES;
				CLANG_WARN_CONSTANT_CONVERSION = YES;
				CLANG_WARN_DEPRECATED_OBJC_IMPLEMENTATIONS = YES;
				CLANG_WARN_DIRECT_OBJC_ISA_USAGE = YES_ERROR;
				CLANG_WARN_DOCUMENTATION_COMMENTS = YES;
				CLANG_WARN_EMPTY_BODY = YES;
				CLANG_WARN_ENUM_CONVERSION = YES;
				CLANG_WARN_INFINITE_RECURSION = YES;
				CLANG_WARN_INT_CONVERSION = YES;
				CLANG_WARN_NON_LITERAL_NULL_CONVERSION = YES;
				CLANG_WARN_OBJC_IMPLICIT_RETAIN_SELF = YES;
				CLANG_WARN_OBJC_LITERAL_CONVERSION = YES;
				CLANG_WARN_OBJC_ROOT_CLASS = YES_ERROR;
				CLANG_WARN_QUOTED_INCLUDE_IN_FRAMEWORK_HEADER = YES;
				CLANG_WARN_RANGE_LOOP_ANALYSIS = YES;
				CLANG_WARN_STRICT_PROTOTYPES = YES;
				CLANG_WARN_SUSPICIOUS_MOVE = YES;
				CLANG_WARN_UNGUARDED_AVAILABILITY = YES_AGGRESSIVE;
				CLANG_WARN_UNREACHABLE_CODE = YES;
				CLANG_WARN__DUPLICATE_METHOD_MATCH = YES;
				COPY_PHASE_STRIP = NO;
				DEBUG_INFORMATION_FORMAT = "dwarf-with-dsym";
				ENABLE_NS_ASSERTIONS = NO;
				ENABLE_STRICT_OBJC_MSGSEND = YES;
				ENABLE_USER_SCRIPT_SANDBOXING = YES;
				GCC_C_LANGUAGE_STANDARD = gnu17;
				GCC_NO_COMMON_BLOCKS = YES;
				GCC_WARN_64_TO_32_BIT_CONVERSION = YES;
				GCC_WARN_ABOUT_RETURN_TYPE = YES_ERROR;
				GCC_WARN_UNDECLARED_SELECTOR = YES;
				GCC_WARN_UNINITIALIZED_AUTOS = YES_AGGRESSIVE;
				GCC_WARN_UNUSED_FUNCTION = YES;
				GCC_WARN_UNUSED_VARIABLE = YES;
				IPHONEOS_DEPLOYMENT_TARGET = 17.2;
				LOCALIZATION_PREFERS_STRING_CATALOGS = YES;
				MTL_ENABLE_DEBUG_INFO = NO;
				MTL_FAST_MATH = YES;
				SDKROOT = iphoneos;
				SWIFT_COMPILATION_MODE = wholemodule;
				VALIDATE_PRODUCT = YES;
			};
			name = Release;
		};
		BD4FA1CE2C008F3100DAD2AB /* Debug */ = {
			isa = XCBuildConfiguration;
			buildSettings = {
				ASSETCATALOG_COMPILER_APPICON_NAME = AppIcon;
				ASSETCATALOG_COMPILER_GLOBAL_ACCENT_COLOR_NAME = AccentColor;
				CODE_SIGN_STYLE = Automatic;
				CURRENT_PROJECT_VERSION = 1;
				DEVELOPMENT_ASSET_PATHS = "\"BreweryAPI/Preview Content\"";
				ENABLE_PREVIEWS = YES;
				GENERATE_INFOPLIST_FILE = YES;
				INFOPLIST_KEY_UIApplicationSceneManifest_Generation = YES;
				INFOPLIST_KEY_UIApplicationSupportsIndirectInputEvents = YES;
				INFOPLIST_KEY_UILaunchScreen_Generation = YES;
				INFOPLIST_KEY_UISupportedInterfaceOrientations_iPad = "UIInterfaceOrientationPortrait UIInterfaceOrientationPortraitUpsideDown UIInterfaceOrientationLandscapeLeft UIInterfaceOrientationLandscapeRight";
				INFOPLIST_KEY_UISupportedInterfaceOrientations_iPhone = "UIInterfaceOrientationPortrait UIInterfaceOrientationLandscapeLeft UIInterfaceOrientationLandscapeRight";
				LD_RUNPATH_SEARCH_PATHS = (
					"$(inherited)",
					"@executable_path/Frameworks",
				);
				MARKETING_VERSION = 1.0;
				PRODUCT_BUNDLE_IDENTIFIER = com.mohamed.BreweryAPI;
				PRODUCT_NAME = "$(TARGET_NAME)";
				SWIFT_EMIT_LOC_STRINGS = YES;
				SWIFT_VERSION = 5.0;
				TARGETED_DEVICE_FAMILY = "1,2";
			};
			name = Debug;
		};
		BD4FA1CF2C008F3100DAD2AB /* Release */ = {
			isa = XCBuildConfiguration;
			buildSettings = {
				ASSETCATALOG_COMPILER_APPICON_NAME = AppIcon;
				ASSETCATALOG_COMPILER_GLOBAL_ACCENT_COLOR_NAME = AccentColor;
				CODE_SIGN_STYLE = Automatic;
				CURRENT_PROJECT_VERSION = 1;
				DEVELOPMENT_ASSET_PATHS = "\"BreweryAPI/Preview Content\"";
				ENABLE_PREVIEWS = YES;
				GENERATE_INFOPLIST_FILE = YES;
				INFOPLIST_KEY_UIApplicationSceneManifest_Generation = YES;
				INFOPLIST_KEY_UIApplicationSupportsIndirectInputEvents = YES;
				INFOPLIST_KEY_UILaunchScreen_Generation = YES;
				INFOPLIST_KEY_UISupportedInterfaceOrientations_iPad = "UIInterfaceOrientationPortrait UIInterfaceOrientationPortraitUpsideDown UIInterfaceOrientationLandscapeLeft UIInterfaceOrientationLandscapeRight";
				INFOPLIST_KEY_UISupportedInterfaceOrientations_iPhone = "UIInterfaceOrientationPortrait UIInterfaceOrientationLandscapeLeft UIInterfaceOrientationLandscapeRight";
				LD_RUNPATH_SEARCH_PATHS = (
					"$(inherited)",
					"@executable_path/Frameworks",
				);
				MARKETING_VERSION = 1.0;
				PRODUCT_BUNDLE_IDENTIFIER = com.mohamed.BreweryAPI;
				PRODUCT_NAME = "$(TARGET_NAME)";
				SWIFT_EMIT_LOC_STRINGS = YES;
				SWIFT_VERSION = 5.0;
				TARGETED_DEVICE_FAMILY = "1,2";
			};
			name = Release;
		};
		BD4FA1D12C008F3100DAD2AB /* Debug */ = {
			isa = XCBuildConfiguration;
			buildSettings = {
				ALWAYS_EMBED_SWIFT_STANDARD_LIBRARIES = YES;
				BUNDLE_LOADER = "$(TEST_HOST)";
				CODE_SIGN_STYLE = Automatic;
				CURRENT_PROJECT_VERSION = 1;
				GENERATE_INFOPLIST_FILE = YES;
				IPHONEOS_DEPLOYMENT_TARGET = 17.2;
				MARKETING_VERSION = 1.0;
				PRODUCT_BUNDLE_IDENTIFIER = com.mohamed.BreweryAPITests;
				PRODUCT_NAME = "$(TARGET_NAME)";
				SWIFT_EMIT_LOC_STRINGS = NO;
				SWIFT_VERSION = 5.0;
				TARGETED_DEVICE_FAMILY = "1,2";
				TEST_HOST = "$(BUILT_PRODUCTS_DIR)/BreweryAPI.app/$(BUNDLE_EXECUTABLE_FOLDER_PATH)/BreweryAPI";
			};
			name = Debug;
		};
		BD4FA1D22C008F3100DAD2AB /* Release */ = {
			isa = XCBuildConfiguration;
			buildSettings = {
				ALWAYS_EMBED_SWIFT_STANDARD_LIBRARIES = YES;
				BUNDLE_LOADER = "$(TEST_HOST)";
				CODE_SIGN_STYLE = Automatic;
				CURRENT_PROJECT_VERSION = 1;
				GENERATE_INFOPLIST_FILE = YES;
				IPHONEOS_DEPLOYMENT_TARGET = 17.2;
				MARKETING_VERSION = 1.0;
				PRODUCT_BUNDLE_IDENTIFIER = com.mohamed.BreweryAPITests;
				PRODUCT_NAME = "$(TARGET_NAME)";
				SWIFT_EMIT_LOC_STRINGS = NO;
				SWIFT_VERSION = 5.0;
				TARGETED_DEVICE_FAMILY = "1,2";
				TEST_HOST = "$(BUILT_PRODUCTS_DIR)/BreweryAPI.app/$(BUNDLE_EXECUTABLE_FOLDER_PATH)/BreweryAPI";
			};
			name = Release;
		};
		BD4FA1D42C008F3100DAD2AB /* Debug */ = {
			isa = XCBuildConfiguration;
			buildSettings = {
				ALWAYS_EMBED_SWIFT_STANDARD_LIBRARIES = YES;
				CODE_SIGN_STYLE = Automatic;
				CURRENT_PROJECT_VERSION = 1;
				GENERATE_INFOPLIST_FILE = YES;
				MARKETING_VERSION = 1.0;
				PRODUCT_BUNDLE_IDENTIFIER = com.mohamed.BreweryAPIUITests;
				PRODUCT_NAME = "$(TARGET_NAME)";
				SWIFT_EMIT_LOC_STRINGS = NO;
				SWIFT_VERSION = 5.0;
				TARGETED_DEVICE_FAMILY = "1,2";
				TEST_TARGET_NAME = BreweryAPI;
			};
			name = Debug;
		};
		BD4FA1D52C008F3100DAD2AB /* Release */ = {
			isa = XCBuildConfiguration;
			buildSettings = {
				ALWAYS_EMBED_SWIFT_STANDARD_LIBRARIES = YES;
				CODE_SIGN_STYLE = Automatic;
				CURRENT_PROJECT_VERSION = 1;
				GENERATE_INFOPLIST_FILE = YES;
				MARKETING_VERSION = 1.0;
				PRODUCT_BUNDLE_IDENTIFIER = com.mohamed.BreweryAPIUITests;
				PRODUCT_NAME = "$(TARGET_NAME)";
				SWIFT_EMIT_LOC_STRINGS = NO;
				SWIFT_VERSION = 5.0;
				TARGETED_DEVICE_FAMILY = "1,2";
				TEST_TARGET_NAME = BreweryAPI;
			};
			name = Release;
		};
/* End XCBuildConfiguration section */

/* Begin XCConfigurationList section */
		BD4FA1A42C008F2E00DAD2AB /* Build configuration list for PBXProject "BreweryAPI" */ = {
			isa = XCConfigurationList;
			buildConfigurations = (
				BD4FA1CB2C008F3100DAD2AB /* Debug */,
				BD4FA1CC2C008F3100DAD2AB /* Release */,
			);
			defaultConfigurationIsVisible = 0;
			defaultConfigurationName = Release;
		};
		BD4FA1CD2C008F3100DAD2AB /* Build configuration list for PBXNativeTarget "BreweryAPI" */ = {
			isa = XCConfigurationList;
			buildConfigurations = (
				BD4FA1CE2C008F3100DAD2AB /* Debug */,
				BD4FA1CF2C008F3100DAD2AB /* Release */,
			);
			defaultConfigurationIsVisible = 0;
			defaultConfigurationName = Release;
		};
		BD4FA1D02C008F3100DAD2AB /* Build configuration list for PBXNativeTarget "BreweryAPITests" */ = {
			isa = XCConfigurationList;
			buildConfigurations = (
				BD4FA1D12C008F3100DAD2AB /* Debug */,
				BD4FA1D22C008F3100DAD2AB /* Release */,
			);
			defaultConfigurationIsVisible = 0;
			defaultConfigurationName = Release;
		};
		BD4FA1D32C008F3100DAD2AB /* Build configuration list for PBXNativeTarget "BreweryAPIUITests" */ = {
			isa = XCConfigurationList;
			buildConfigurations = (
				BD4FA1D42C008F3100DAD2AB /* Debug */,
				BD4FA1D52C008F3100DAD2AB /* Release */,
			);
			defaultConfigurationIsVisible = 0;
			defaultConfigurationName = Release;
		};
/* End XCConfigurationList section */
	};
	rootObject = BD4FA1A12C008F2E00DAD2AB /* Project object */;
}
